
Microsoft Visual Studio Solution File, Format Version 12.00
# Visual Studio 14
VisualStudioVersion = 14.0.25420.1
MinimumVisualStudioVersion = 10.0.40219.1
Project("{FAE04EC0-301F-11D3-BF4B-00C04F79EFBC}") = "XamarinFormsBorderedLabels.Droid", "XamarinFormsBorderedLabels\XamarinFormsBorderedLabels.Droid\XamarinFormsBorderedLabels.Droid.csproj", "{835D4CCD-9376-4EEE-95BD-F47686BBBF6C}"
EndProject
Project("{FAE04EC0-301F-11D3-BF4B-00C04F79EFBC}") = "XamarinFormsBorderedLabels.iOS", "XamarinFormsBorderedLabels\XamarinFormsBorderedLabels.iOS\XamarinFormsBorderedLabels.iOS.csproj", "{75C10E69-7E8F-4C53-83C0-A07DF89B6F84}"
EndProject
Project("{FAE04EC0-301F-11D3-BF4B-00C04F79EFBC}") = "XamarinFormsBorderedLabels.WinPhone", "XamarinFormsBorderedLabels\XamarinFormsBorderedLabels.WinPhone\XamarinFormsBorderedLabels.WinPhone.csproj", "{72F5C2F7-8368-40E1-B4D1-ABC38333AC90}"
EndProject
Project("{FAE04EC0-301F-11D3-BF4B-00C04F79EFBC}") = "XamarinFormsBorderedLabels.UWP", "XamarinFormsBorderedLabels\XamarinFormsBorderedLabels.UWP\XamarinFormsBorderedLabels.UWP.csproj", "{265DFFB5-3D64-4236-968E-FB366D8CD81C}"
EndProject
Project("{FAE04EC0-301F-11D3-BF4B-00C04F79EFBC}") = "XamarinFormsBorderedLabels.Windows", "XamarinFormsBorderedLabels\XamarinFormsBorderedLabels.Windows\XamarinFormsBorderedLabels.Windows.csproj", "{1CA849CD-8DB8-4ECE-81F1-832E8D75E132}"
EndProject
Project("{FAE04EC0-301F-11D3-BF4B-00C04F79EFBC}") = "XamarinFormsBorderedLabels", "XamarinFormsBorderedLabels\XamarinFormsBorderedLabels\XamarinFormsBorderedLabels.csproj", "{343433BA-675C-4DE2-BAE3-9BFC95713AEE}"
EndProject
Global
	GlobalSection(SolutionConfigurationPlatforms) = preSolution
		Ad-Hoc|Any CPU = Ad-Hoc|Any CPU
		Ad-Hoc|ARM = Ad-Hoc|ARM
		Ad-Hoc|iPhone = Ad-Hoc|iPhone
		Ad-Hoc|iPhoneSimulator = Ad-Hoc|iPhoneSimulator
		Ad-Hoc|x64 = Ad-Hoc|x64
		Ad-Hoc|x86 = Ad-Hoc|x86
		AppStore|Any CPU = AppStore|Any CPU
		AppStore|ARM = AppStore|ARM
		AppStore|iPhone = AppStore|iPhone
		AppStore|iPhoneSimulator = AppStore|iPhoneSimulator
		AppStore|x64 = AppStore|x64
		AppStore|x86 = AppStore|x86
		Debug|Any CPU = Debug|Any CPU
		Debug|ARM = Debug|ARM
		Debug|iPhone = Debug|iPhone
		Debug|iPhoneSimulator = Debug|iPhoneSimulator
		Debug|x64 = Debug|x64
		Debug|x86 = Debug|x86
		Release|Any CPU = Release|Any CPU
		Release|ARM = Release|ARM
		Release|iPhone = Release|iPhone
		Release|iPhoneSimulator = Release|iPhoneSimulator
		Release|x64 = Release|x64
		Release|x86 = Release|x86
	EndGlobalSection
	GlobalSection(ProjectConfigurationPlatforms) = postSolution
		{835D4CCD-9376-4EEE-95BD-F47686BBBF6C}.Ad-Hoc|Any CPU.ActiveCfg = Release|Any CPU
		{835D4CCD-9376-4EEE-95BD-F47686BBBF6C}.Ad-Hoc|Any CPU.Build.0 = Release|Any CPU
		{835D4CCD-9376-4EEE-95BD-F47686BBBF6C}.Ad-Hoc|Any CPU.Deploy.0 = Release|Any CPU
		{835D4CCD-9376-4EEE-95BD-F47686BBBF6C}.Ad-Hoc|ARM.ActiveCfg = Release|Any CPU
		{835D4CCD-9376-4EEE-95BD-F47686BBBF6C}.Ad-Hoc|ARM.Build.0 = Release|Any CPU
		{835D4CCD-9376-4EEE-95BD-F47686BBBF6C}.Ad-Hoc|ARM.Deploy.0 = Release|Any CPU
		{835D4CCD-9376-4EEE-95BD-F47686BBBF6C}.Ad-Hoc|iPhone.ActiveCfg = Release|Any CPU
		{835D4CCD-9376-4EEE-95BD-F47686BBBF6C}.Ad-Hoc|iPhone.Build.0 = Release|Any CPU
		{835D4CCD-9376-4EEE-95BD-F47686BBBF6C}.Ad-Hoc|iPhone.Deploy.0 = Release|Any CPU
		{835D4CCD-9376-4EEE-95BD-F47686BBBF6C}.Ad-Hoc|iPhoneSimulator.ActiveCfg = Release|Any CPU
		{835D4CCD-9376-4EEE-95BD-F47686BBBF6C}.Ad-Hoc|iPhoneSimulator.Build.0 = Release|Any CPU
		{835D4CCD-9376-4EEE-95BD-F47686BBBF6C}.Ad-Hoc|iPhoneSimulator.Deploy.0 = Release|Any CPU
		{835D4CCD-9376-4EEE-95BD-F47686BBBF6C}.Ad-Hoc|x64.ActiveCfg = Release|Any CPU
		{835D4CCD-9376-4EEE-95BD-F47686BBBF6C}.Ad-Hoc|x64.Build.0 = Release|Any CPU
		{835D4CCD-9376-4EEE-95BD-F47686BBBF6C}.Ad-Hoc|x64.Deploy.0 = Release|Any CPU
		{835D4CCD-9376-4EEE-95BD-F47686BBBF6C}.Ad-Hoc|x86.ActiveCfg = Release|Any CPU
		{835D4CCD-9376-4EEE-95BD-F47686BBBF6C}.Ad-Hoc|x86.Build.0 = Release|Any CPU
		{835D4CCD-9376-4EEE-95BD-F47686BBBF6C}.Ad-Hoc|x86.Deploy.0 = Release|Any CPU
		{835D4CCD-9376-4EEE-95BD-F47686BBBF6C}.AppStore|Any CPU.ActiveCfg = Release|Any CPU
		{835D4CCD-9376-4EEE-95BD-F47686BBBF6C}.AppStore|Any CPU.Build.0 = Release|Any CPU
		{835D4CCD-9376-4EEE-95BD-F47686BBBF6C}.AppStore|Any CPU.Deploy.0 = Release|Any CPU
		{835D4CCD-9376-4EEE-95BD-F47686BBBF6C}.AppStore|ARM.ActiveCfg = Release|Any CPU
		{835D4CCD-9376-4EEE-95BD-F47686BBBF6C}.AppStore|ARM.Build.0 = Release|Any CPU
		{835D4CCD-9376-4EEE-95BD-F47686BBBF6C}.AppStore|ARM.Deploy.0 = Release|Any CPU
		{835D4CCD-9376-4EEE-95BD-F47686BBBF6C}.AppStore|iPhone.ActiveCfg = Release|Any CPU
		{835D4CCD-9376-4EEE-95BD-F47686BBBF6C}.AppStore|iPhone.Build.0 = Release|Any CPU
		{835D4CCD-9376-4EEE-95BD-F47686BBBF6C}.AppStore|iPhone.Deploy.0 = Release|Any CPU
		{835D4CCD-9376-4EEE-95BD-F47686BBBF6C}.AppStore|iPhoneSimulator.ActiveCfg = Release|Any CPU
		{835D4CCD-9376-4EEE-95BD-F47686BBBF6C}.AppStore|iPhoneSimulator.Build.0 = Release|Any CPU
		{835D4CCD-9376-4EEE-95BD-F47686BBBF6C}.AppStore|iPhoneSimulator.Deploy.0 = Release|Any CPU
		{835D4CCD-9376-4EEE-95BD-F47686BBBF6C}.AppStore|x64.ActiveCfg = Release|Any CPU
		{835D4CCD-9376-4EEE-95BD-F47686BBBF6C}.AppStore|x64.Build.0 = Release|Any CPU
		{835D4CCD-9376-4EEE-95BD-F47686BBBF6C}.AppStore|x64.Deploy.0 = Release|Any CPU
		{835D4CCD-9376-4EEE-95BD-F47686BBBF6C}.AppStore|x86.ActiveCfg = Release|Any CPU
		{835D4CCD-9376-4EEE-95BD-F47686BBBF6C}.AppStore|x86.Build.0 = Release|Any CPU
		{835D4CCD-9376-4EEE-95BD-F47686BBBF6C}.AppStore|x86.Deploy.0 = Release|Any CPU
		{835D4CCD-9376-4EEE-95BD-F47686BBBF6C}.Debug|Any CPU.ActiveCfg = Debug|Any CPU
		{835D4CCD-9376-4EEE-95BD-F47686BBBF6C}.Debug|Any CPU.Build.0 = Debug|Any CPU
		{835D4CCD-9376-4EEE-95BD-F47686BBBF6C}.Debug|Any CPU.Deploy.0 = Debug|Any CPU
		{835D4CCD-9376-4EEE-95BD-F47686BBBF6C}.Debug|ARM.ActiveCfg = Debug|Any CPU
		{835D4CCD-9376-4EEE-95BD-F47686BBBF6C}.Debug|ARM.Build.0 = Debug|Any CPU
		{835D4CCD-9376-4EEE-95BD-F47686BBBF6C}.Debug|ARM.Deploy.0 = Debug|Any CPU
		{835D4CCD-9376-4EEE-95BD-F47686BBBF6C}.Debug|iPhone.ActiveCfg = Debug|Any CPU
		{835D4CCD-9376-4EEE-95BD-F47686BBBF6C}.Debug|iPhone.Build.0 = Debug|Any CPU
		{835D4CCD-9376-4EEE-95BD-F47686BBBF6C}.Debug|iPhone.Deploy.0 = Debug|Any CPU
		{835D4CCD-9376-4EEE-95BD-F47686BBBF6C}.Debug|iPhoneSimulator.ActiveCfg = Debug|Any CPU
		{835D4CCD-9376-4EEE-95BD-F47686BBBF6C}.Debug|iPhoneSimulator.Build.0 = Debug|Any CPU
		{835D4CCD-9376-4EEE-95BD-F47686BBBF6C}.Debug|iPhoneSimulator.Deploy.0 = Debug|Any CPU
		{835D4CCD-9376-4EEE-95BD-F47686BBBF6C}.Debug|x64.ActiveCfg = Debug|Any CPU
		{835D4CCD-9376-4EEE-95BD-F47686BBBF6C}.Debug|x64.Build.0 = Debug|Any CPU
		{835D4CCD-9376-4EEE-95BD-F47686BBBF6C}.Debug|x64.Deploy.0 = Debug|Any CPU
		{835D4CCD-9376-4EEE-95BD-F47686BBBF6C}.Debug|x86.ActiveCfg = Debug|Any CPU
		{835D4CCD-9376-4EEE-95BD-F47686BBBF6C}.Debug|x86.Build.0 = Debug|Any CPU
		{835D4CCD-9376-4EEE-95BD-F47686BBBF6C}.Debug|x86.Deploy.0 = Debug|Any CPU
		{835D4CCD-9376-4EEE-95BD-F47686BBBF6C}.Release|Any CPU.ActiveCfg = Release|Any CPU
		{835D4CCD-9376-4EEE-95BD-F47686BBBF6C}.Release|Any CPU.Build.0 = Release|Any CPU
		{835D4CCD-9376-4EEE-95BD-F47686BBBF6C}.Release|Any CPU.Deploy.0 = Release|Any CPU
		{835D4CCD-9376-4EEE-95BD-F47686BBBF6C}.Release|ARM.ActiveCfg = Release|Any CPU
		{835D4CCD-9376-4EEE-95BD-F47686BBBF6C}.Release|ARM.Build.0 = Release|Any CPU
		{835D4CCD-9376-4EEE-95BD-F47686BBBF6C}.Release|ARM.Deploy.0 = Release|Any CPU
		{835D4CCD-9376-4EEE-95BD-F47686BBBF6C}.Release|iPhone.ActiveCfg = Release|Any CPU
		{835D4CCD-9376-4EEE-95BD-F47686BBBF6C}.Release|iPhone.Build.0 = Release|Any CPU
		{835D4CCD-9376-4EEE-95BD-F47686BBBF6C}.Release|iPhone.Deploy.0 = Release|Any CPU
		{835D4CCD-9376-4EEE-95BD-F47686BBBF6C}.Release|iPhoneSimulator.ActiveCfg = Release|Any CPU
		{835D4CCD-9376-4EEE-95BD-F47686BBBF6C}.Release|iPhoneSimulator.Build.0 = Release|Any CPU
		{835D4CCD-9376-4EEE-95BD-F47686BBBF6C}.Release|iPhoneSimulator.Deploy.0 = Release|Any CPU
		{835D4CCD-9376-4EEE-95BD-F47686BBBF6C}.Release|x64.ActiveCfg = Release|Any CPU
		{835D4CCD-9376-4EEE-95BD-F47686BBBF6C}.Release|x64.Build.0 = Release|Any CPU
		{835D4CCD-9376-4EEE-95BD-F47686BBBF6C}.Release|x64.Deploy.0 = Release|Any CPU
		{835D4CCD-9376-4EEE-95BD-F47686BBBF6C}.Release|x86.ActiveCfg = Release|Any CPU
		{835D4CCD-9376-4EEE-95BD-F47686BBBF6C}.Release|x86.Build.0 = Release|Any CPU
		{835D4CCD-9376-4EEE-95BD-F47686BBBF6C}.Release|x86.Deploy.0 = Release|Any CPU
		{75C10E69-7E8F-4C53-83C0-A07DF89B6F84}.Ad-Hoc|Any CPU.ActiveCfg = Ad-Hoc|iPhone
		{75C10E69-7E8F-4C53-83C0-A07DF89B6F84}.Ad-Hoc|ARM.ActiveCfg = Ad-Hoc|iPhone
		{75C10E69-7E8F-4C53-83C0-A07DF89B6F84}.Ad-Hoc|iPhone.ActiveCfg = Ad-Hoc|iPhone
		{75C10E69-7E8F-4C53-83C0-A07DF89B6F84}.Ad-Hoc|iPhone.Build.0 = Ad-Hoc|iPhone
		{75C10E69-7E8F-4C53-83C0-A07DF89B6F84}.Ad-Hoc|iPhoneSimulator.ActiveCfg = Ad-Hoc|iPhoneSimulator
		{75C10E69-7E8F-4C53-83C0-A07DF89B6F84}.Ad-Hoc|iPhoneSimulator.Build.0 = Ad-Hoc|iPhoneSimulator
		{75C10E69-7E8F-4C53-83C0-A07DF89B6F84}.Ad-Hoc|x64.ActiveCfg = Ad-Hoc|iPhone
		{75C10E69-7E8F-4C53-83C0-A07DF89B6F84}.Ad-Hoc|x86.ActiveCfg = Ad-Hoc|iPhone
		{75C10E69-7E8F-4C53-83C0-A07DF89B6F84}.AppStore|Any CPU.ActiveCfg = AppStore|iPhone
		{75C10E69-7E8F-4C53-83C0-A07DF89B6F84}.AppStore|ARM.ActiveCfg = AppStore|iPhone
		{75C10E69-7E8F-4C53-83C0-A07DF89B6F84}.AppStore|iPhone.ActiveCfg = AppStore|iPhone
		{75C10E69-7E8F-4C53-83C0-A07DF89B6F84}.AppStore|iPhone.Build.0 = AppStore|iPhone
		{75C10E69-7E8F-4C53-83C0-A07DF89B6F84}.AppStore|iPhoneSimulator.ActiveCfg = AppStore|iPhoneSimulator
		{75C10E69-7E8F-4C53-83C0-A07DF89B6F84}.AppStore|iPhoneSimulator.Build.0 = AppStore|iPhoneSimulator
		{75C10E69-7E8F-4C53-83C0-A07DF89B6F84}.AppStore|x64.ActiveCfg = AppStore|iPhone
		{75C10E69-7E8F-4C53-83C0-A07DF89B6F84}.AppStore|x86.ActiveCfg = AppStore|iPhone
		{75C10E69-7E8F-4C53-83C0-A07DF89B6F84}.Debug|Any CPU.ActiveCfg = Debug|iPhone
		{75C10E69-7E8F-4C53-83C0-A07DF89B6F84}.Debug|ARM.ActiveCfg = Debug|iPhone
		{75C10E69-7E8F-4C53-83C0-A07DF89B6F84}.Debug|iPhone.ActiveCfg = Debug|iPhone
		{75C10E69-7E8F-4C53-83C0-A07DF89B6F84}.Debug|iPhone.Build.0 = Debug|iPhone
		{75C10E69-7E8F-4C53-83C0-A07DF89B6F84}.Debug|iPhoneSimulator.ActiveCfg = Debug|iPhoneSimulator
		{75C10E69-7E8F-4C53-83C0-A07DF89B6F84}.Debug|iPhoneSimulator.Build.0 = Debug|iPhoneSimulator
		{75C10E69-7E8F-4C53-83C0-A07DF89B6F84}.Debug|x64.ActiveCfg = Debug|iPhone
		{75C10E69-7E8F-4C53-83C0-A07DF89B6F84}.Debug|x86.ActiveCfg = Debug|iPhone
		{75C10E69-7E8F-4C53-83C0-A07DF89B6F84}.Release|Any CPU.ActiveCfg = Release|iPhone
		{75C10E69-7E8F-4C53-83C0-A07DF89B6F84}.Release|ARM.ActiveCfg = Release|iPhone
		{75C10E69-7E8F-4C53-83C0-A07DF89B6F84}.Release|iPhone.ActiveCfg = Release|iPhone
		{75C10E69-7E8F-4C53-83C0-A07DF89B6F84}.Release|iPhone.Build.0 = Release|iPhone
		{75C10E69-7E8F-4C53-83C0-A07DF89B6F84}.Release|iPhoneSimulator.ActiveCfg = Release|iPhoneSimulator
		{75C10E69-7E8F-4C53-83C0-A07DF89B6F84}.Release|iPhoneSimulator.Build.0 = Release|iPhoneSimulator
		{75C10E69-7E8F-4C53-83C0-A07DF89B6F84}.Release|x64.ActiveCfg = Release|iPhone
		{75C10E69-7E8F-4C53-83C0-A07DF89B6F84}.Release|x86.ActiveCfg = Release|iPhone
		{72F5C2F7-8368-40E1-B4D1-ABC38333AC90}.Ad-Hoc|Any CPU.ActiveCfg = Release|Any CPU
		{72F5C2F7-8368-40E1-B4D1-ABC38333AC90}.Ad-Hoc|Any CPU.Build.0 = Release|Any CPU
		{72F5C2F7-8368-40E1-B4D1-ABC38333AC90}.Ad-Hoc|Any CPU.Deploy.0 = Release|Any CPU
		{72F5C2F7-8368-40E1-B4D1-ABC38333AC90}.Ad-Hoc|ARM.ActiveCfg = Release|ARM
		{72F5C2F7-8368-40E1-B4D1-ABC38333AC90}.Ad-Hoc|ARM.Build.0 = Release|ARM
		{72F5C2F7-8368-40E1-B4D1-ABC38333AC90}.Ad-Hoc|ARM.Deploy.0 = Release|ARM
		{72F5C2F7-8368-40E1-B4D1-ABC38333AC90}.Ad-Hoc|iPhone.ActiveCfg = Release|Any CPU
		{72F5C2F7-8368-40E1-B4D1-ABC38333AC90}.Ad-Hoc|iPhone.Build.0 = Release|Any CPU
		{72F5C2F7-8368-40E1-B4D1-ABC38333AC90}.Ad-Hoc|iPhone.Deploy.0 = Release|Any CPU
		{72F5C2F7-8368-40E1-B4D1-ABC38333AC90}.Ad-Hoc|iPhoneSimulator.ActiveCfg = Release|Any CPU
		{72F5C2F7-8368-40E1-B4D1-ABC38333AC90}.Ad-Hoc|iPhoneSimulator.Build.0 = Release|Any CPU
		{72F5C2F7-8368-40E1-B4D1-ABC38333AC90}.Ad-Hoc|iPhoneSimulator.Deploy.0 = Release|Any CPU
		{72F5C2F7-8368-40E1-B4D1-ABC38333AC90}.Ad-Hoc|x64.ActiveCfg = Release|Any CPU
		{72F5C2F7-8368-40E1-B4D1-ABC38333AC90}.Ad-Hoc|x64.Build.0 = Release|Any CPU
		{72F5C2F7-8368-40E1-B4D1-ABC38333AC90}.Ad-Hoc|x64.Deploy.0 = Release|Any CPU
		{72F5C2F7-8368-40E1-B4D1-ABC38333AC90}.Ad-Hoc|x86.ActiveCfg = Release|x86
		{72F5C2F7-8368-40E1-B4D1-ABC38333AC90}.Ad-Hoc|x86.Build.0 = Release|x86
		{72F5C2F7-8368-40E1-B4D1-ABC38333AC90}.Ad-Hoc|x86.Deploy.0 = Release|x86
		{72F5C2F7-8368-40E1-B4D1-ABC38333AC90}.AppStore|Any CPU.ActiveCfg = Release|Any CPU
		{72F5C2F7-8368-40E1-B4D1-ABC38333AC90}.AppStore|Any CPU.Build.0 = Release|Any CPU
		{72F5C2F7-8368-40E1-B4D1-ABC38333AC90}.AppStore|Any CPU.Deploy.0 = Release|Any CPU
		{72F5C2F7-8368-40E1-B4D1-ABC38333AC90}.AppStore|ARM.ActiveCfg = Release|ARM
		{72F5C2F7-8368-40E1-B4D1-ABC38333AC90}.AppStore|ARM.Build.0 = Release|ARM
		{72F5C2F7-8368-40E1-B4D1-ABC38333AC90}.AppStore|ARM.Deploy.0 = Release|ARM
		{72F5C2F7-8368-40E1-B4D1-ABC38333AC90}.AppStore|iPhone.ActiveCfg = Release|Any CPU
		{72F5C2F7-8368-40E1-B4D1-ABC38333AC90}.AppStore|iPhone.Build.0 = Release|Any CPU
		{72F5C2F7-8368-40E1-B4D1-ABC38333AC90}.AppStore|iPhone.Deploy.0 = Release|Any CPU
		{72F5C2F7-8368-40E1-B4D1-ABC38333AC90}.AppStore|iPhoneSimulator.ActiveCfg = Release|Any CPU
		{72F5C2F7-8368-40E1-B4D1-ABC38333AC90}.AppStore|iPhoneSimulator.Build.0 = Release|Any CPU
		{72F5C2F7-8368-40E1-B4D1-ABC38333AC90}.AppStore|iPhoneSimulator.Deploy.0 = Release|Any CPU
		{72F5C2F7-8368-40E1-B4D1-ABC38333AC90}.AppStore|x64.ActiveCfg = Release|Any CPU
		{72F5C2F7-8368-40E1-B4D1-ABC38333AC90}.AppStore|x64.Build.0 = Release|Any CPU
		{72F5C2F7-8368-40E1-B4D1-ABC38333AC90}.AppStore|x64.Deploy.0 = Release|Any CPU
		{72F5C2F7-8368-40E1-B4D1-ABC38333AC90}.AppStore|x86.ActiveCfg = Release|x86
		{72F5C2F7-8368-40E1-B4D1-ABC38333AC90}.AppStore|x86.Build.0 = Release|x86
		{72F5C2F7-8368-40E1-B4D1-ABC38333AC90}.AppStore|x86.Deploy.0 = Release|x86
		{72F5C2F7-8368-40E1-B4D1-ABC38333AC90}.Debug|Any CPU.ActiveCfg = Debug|Any CPU
		{72F5C2F7-8368-40E1-B4D1-ABC38333AC90}.Debug|Any CPU.Build.0 = Debug|Any CPU
		{72F5C2F7-8368-40E1-B4D1-ABC38333AC90}.Debug|Any CPU.Deploy.0 = Debug|Any CPU
		{72F5C2F7-8368-40E1-B4D1-ABC38333AC90}.Debug|ARM.ActiveCfg = Debug|ARM
		{72F5C2F7-8368-40E1-B4D1-ABC38333AC90}.Debug|ARM.Build.0 = Debug|ARM
		{72F5C2F7-8368-40E1-B4D1-ABC38333AC90}.Debug|ARM.Deploy.0 = Debug|ARM
		{72F5C2F7-8368-40E1-B4D1-ABC38333AC90}.Debug|iPhone.ActiveCfg = Debug|Any CPU
		{72F5C2F7-8368-40E1-B4D1-ABC38333AC90}.Debug|iPhone.Build.0 = Debug|Any CPU
		{72F5C2F7-8368-40E1-B4D1-ABC38333AC90}.Debug|iPhone.Deploy.0 = Debug|Any CPU
		{72F5C2F7-8368-40E1-B4D1-ABC38333AC90}.Debug|iPhoneSimulator.ActiveCfg = Debug|Any CPU
		{72F5C2F7-8368-40E1-B4D1-ABC38333AC90}.Debug|iPhoneSimulator.Build.0 = Debug|Any CPU
		{72F5C2F7-8368-40E1-B4D1-ABC38333AC90}.Debug|iPhoneSimulator.Deploy.0 = Debug|Any CPU
		{72F5C2F7-8368-40E1-B4D1-ABC38333AC90}.Debug|x64.ActiveCfg = Debug|Any CPU
		{72F5C2F7-8368-40E1-B4D1-ABC38333AC90}.Debug|x64.Build.0 = Debug|Any CPU
		{72F5C2F7-8368-40E1-B4D1-ABC38333AC90}.Debug|x64.Deploy.0 = Debug|Any CPU
		{72F5C2F7-8368-40E1-B4D1-ABC38333AC90}.Debug|x86.ActiveCfg = Debug|x86
		{72F5C2F7-8368-40E1-B4D1-ABC38333AC90}.Debug|x86.Build.0 = Debug|x86
		{72F5C2F7-8368-40E1-B4D1-ABC38333AC90}.Debug|x86.Deploy.0 = Debug|x86
		{72F5C2F7-8368-40E1-B4D1-ABC38333AC90}.Release|Any CPU.ActiveCfg = Release|Any CPU
		{72F5C2F7-8368-40E1-B4D1-ABC38333AC90}.Release|Any CPU.Build.0 = Release|Any CPU
		{72F5C2F7-8368-40E1-B4D1-ABC38333AC90}.Release|Any CPU.Deploy.0 = Release|Any CPU
		{72F5C2F7-8368-40E1-B4D1-ABC38333AC90}.Release|ARM.ActiveCfg = Release|ARM
		{72F5C2F7-8368-40E1-B4D1-ABC38333AC90}.Release|ARM.Build.0 = Release|ARM
		{72F5C2F7-8368-40E1-B4D1-ABC38333AC90}.Release|ARM.Deploy.0 = Release|ARM
		{72F5C2F7-8368-40E1-B4D1-ABC38333AC90}.Release|iPhone.ActiveCfg = Release|Any CPU
		{72F5C2F7-8368-40E1-B4D1-ABC38333AC90}.Release|iPhone.Build.0 = Release|Any CPU
		{72F5C2F7-8368-40E1-B4D1-ABC38333AC90}.Release|iPhone.Deploy.0 = Release|Any CPU
		{72F5C2F7-8368-40E1-B4D1-ABC38333AC90}.Release|iPhoneSimulator.ActiveCfg = Release|Any CPU
		{72F5C2F7-8368-40E1-B4D1-ABC38333AC90}.Release|iPhoneSimulator.Build.0 = Release|Any CPU
		{72F5C2F7-8368-40E1-B4D1-ABC38333AC90}.Release|iPhoneSimulator.Deploy.0 = Release|Any CPU
		{72F5C2F7-8368-40E1-B4D1-ABC38333AC90}.Release|x64.ActiveCfg = Release|Any CPU
		{72F5C2F7-8368-40E1-B4D1-ABC38333AC90}.Release|x64.Build.0 = Release|Any CPU
		{72F5C2F7-8368-40E1-B4D1-ABC38333AC90}.Release|x64.Deploy.0 = Release|Any CPU
		{72F5C2F7-8368-40E1-B4D1-ABC38333AC90}.Release|x86.ActiveCfg = Release|x86
		{72F5C2F7-8368-40E1-B4D1-ABC38333AC90}.Release|x86.Build.0 = Release|x86
		{72F5C2F7-8368-40E1-B4D1-ABC38333AC90}.Release|x86.Deploy.0 = Release|x86
		{265DFFB5-3D64-4236-968E-FB366D8CD81C}.Ad-Hoc|Any CPU.ActiveCfg = Release|x86
		{265DFFB5-3D64-4236-968E-FB366D8CD81C}.Ad-Hoc|Any CPU.Build.0 = Release|x86
		{265DFFB5-3D64-4236-968E-FB366D8CD81C}.Ad-Hoc|Any CPU.Deploy.0 = Release|x86
		{265DFFB5-3D64-4236-968E-FB366D8CD81C}.Ad-Hoc|ARM.ActiveCfg = Release|ARM
		{265DFFB5-3D64-4236-968E-FB366D8CD81C}.Ad-Hoc|ARM.Build.0 = Release|ARM
		{265DFFB5-3D64-4236-968E-FB366D8CD81C}.Ad-Hoc|ARM.Deploy.0 = Release|ARM
		{265DFFB5-3D64-4236-968E-FB366D8CD81C}.Ad-Hoc|iPhone.ActiveCfg = Release|x86
		{265DFFB5-3D64-4236-968E-FB366D8CD81C}.Ad-Hoc|iPhone.Build.0 = Release|x86
		{265DFFB5-3D64-4236-968E-FB366D8CD81C}.Ad-Hoc|iPhone.Deploy.0 = Release|x86
		{265DFFB5-3D64-4236-968E-FB366D8CD81C}.Ad-Hoc|iPhoneSimulator.ActiveCfg = Release|x86
		{265DFFB5-3D64-4236-968E-FB366D8CD81C}.Ad-Hoc|iPhoneSimulator.Build.0 = Release|x86
		{265DFFB5-3D64-4236-968E-FB366D8CD81C}.Ad-Hoc|iPhoneSimulator.Deploy.0 = Release|x86
		{265DFFB5-3D64-4236-968E-FB366D8CD81C}.Ad-Hoc|x64.ActiveCfg = Release|x64
		{265DFFB5-3D64-4236-968E-FB366D8CD81C}.Ad-Hoc|x64.Build.0 = Release|x64
		{265DFFB5-3D64-4236-968E-FB366D8CD81C}.Ad-Hoc|x64.Deploy.0 = Release|x64
		{265DFFB5-3D64-4236-968E-FB366D8CD81C}.Ad-Hoc|x86.ActiveCfg = Release|x86
		{265DFFB5-3D64-4236-968E-FB366D8CD81C}.Ad-Hoc|x86.Build.0 = Release|x86
		{265DFFB5-3D64-4236-968E-FB366D8CD81C}.Ad-Hoc|x86.Deploy.0 = Release|x86
		{265DFFB5-3D64-4236-968E-FB366D8CD81C}.AppStore|Any CPU.ActiveCfg = Release|x86
		{265DFFB5-3D64-4236-968E-FB366D8CD81C}.AppStore|Any CPU.Build.0 = Release|x86
		{265DFFB5-3D64-4236-968E-FB366D8CD81C}.AppStore|Any CPU.Deploy.0 = Release|x86
		{265DFFB5-3D64-4236-968E-FB366D8CD81C}.AppStore|ARM.ActiveCfg = Release|ARM
		{265DFFB5-3D64-4236-968E-FB366D8CD81C}.AppStore|ARM.Build.0 = Release|ARM
		{265DFFB5-3D64-4236-968E-FB366D8CD81C}.AppStore|ARM.Deploy.0 = Release|ARM
		{265DFFB5-3D64-4236-968E-FB366D8CD81C}.AppStore|iPhone.ActiveCfg = Release|x86
		{265DFFB5-3D64-4236-968E-FB366D8CD81C}.AppStore|iPhone.Build.0 = Release|x86
		{265DFFB5-3D64-4236-968E-FB366D8CD81C}.AppStore|iPhone.Deploy.0 = Release|x86
		{265DFFB5-3D64-4236-968E-FB366D8CD81C}.AppStore|iPhoneSimulator.ActiveCfg = Release|x86
		{265DFFB5-3D64-4236-968E-FB366D8CD81C}.AppStore|iPhoneSimulator.Build.0 = Release|x86
		{265DFFB5-3D64-4236-968E-FB366D8CD81C}.AppStore|iPhoneSimulator.Deploy.0 = Release|x86
		{265DFFB5-3D64-4236-968E-FB366D8CD81C}.AppStore|x64.ActiveCfg = Release|x64
		{265DFFB5-3D64-4236-968E-FB366D8CD81C}.AppStore|x64.Build.0 = Release|x64
		{265DFFB5-3D64-4236-968E-FB366D8CD81C}.AppStore|x64.Deploy.0 = Release|x64
		{265DFFB5-3D64-4236-968E-FB366D8CD81C}.AppStore|x86.ActiveCfg = Release|x86
		{265DFFB5-3D64-4236-968E-FB366D8CD81C}.AppStore|x86.Build.0 = Release|x86
		{265DFFB5-3D64-4236-968E-FB366D8CD81C}.AppStore|x86.Deploy.0 = Release|x86
		{265DFFB5-3D64-4236-968E-FB366D8CD81C}.Debug|Any CPU.ActiveCfg = Debug|x86
		{265DFFB5-3D64-4236-968E-FB366D8CD81C}.Debug|ARM.ActiveCfg = Debug|ARM
		{265DFFB5-3D64-4236-968E-FB366D8CD81C}.Debug|ARM.Build.0 = Debug|ARM
		{265DFFB5-3D64-4236-968E-FB366D8CD81C}.Debug|ARM.Deploy.0 = Debug|ARM
		{265DFFB5-3D64-4236-968E-FB366D8CD81C}.Debug|iPhone.ActiveCfg = Debug|x86
		{265DFFB5-3D64-4236-968E-FB366D8CD81C}.Debug|iPhoneSimulator.ActiveCfg = Debug|x86
		{265DFFB5-3D64-4236-968E-FB366D8CD81C}.Debug|x64.ActiveCfg = Debug|x64
		{265DFFB5-3D64-4236-968E-FB366D8CD81C}.Debug|x64.Build.0 = Debug|x64
		{265DFFB5-3D64-4236-968E-FB366D8CD81C}.Debug|x64.Deploy.0 = Debug|x64
		{265DFFB5-3D64-4236-968E-FB366D8CD81C}.Debug|x86.ActiveCfg = Debug|x86
		{265DFFB5-3D64-4236-968E-FB366D8CD81C}.Debug|x86.Build.0 = Debug|x86
		{265DFFB5-3D64-4236-968E-FB366D8CD81C}.Debug|x86.Deploy.0 = Debug|x86
		{265DFFB5-3D64-4236-968E-FB366D8CD81C}.Release|Any CPU.ActiveCfg = Release|x86
		{265DFFB5-3D64-4236-968E-FB366D8CD81C}.Release|ARM.ActiveCfg = Release|ARM
		{265DFFB5-3D64-4236-968E-FB366D8CD81C}.Release|ARM.Build.0 = Release|ARM
		{265DFFB5-3D64-4236-968E-FB366D8CD81C}.Release|ARM.Deploy.0 = Release|ARM
		{265DFFB5-3D64-4236-968E-FB366D8CD81C}.Release|iPhone.ActiveCfg = Release|x86
		{265DFFB5-3D64-4236-968E-FB366D8CD81C}.Release|iPhoneSimulator.ActiveCfg = Release|x86
		{265DFFB5-3D64-4236-968E-FB366D8CD81C}.Release|x64.ActiveCfg = Release|x64
		{265DFFB5-3D64-4236-968E-FB366D8CD81C}.Release|x64.Build.0 = Release|x64
		{265DFFB5-3D64-4236-968E-FB366D8CD81C}.Release|x64.Deploy.0 = Release|x64
		{265DFFB5-3D64-4236-968E-FB366D8CD81C}.Release|x86.ActiveCfg = Release|x86
		{265DFFB5-3D64-4236-968E-FB366D8CD81C}.Release|x86.Build.0 = Release|x86
		{265DFFB5-3D64-4236-968E-FB366D8CD81C}.Release|x86.Deploy.0 = Release|x86
		{1CA849CD-8DB8-4ECE-81F1-832E8D75E132}.Ad-Hoc|Any CPU.ActiveCfg = Release|Any CPU
		{1CA849CD-8DB8-4ECE-81F1-832E8D75E132}.Ad-Hoc|Any CPU.Build.0 = Release|Any CPU
		{1CA849CD-8DB8-4ECE-81F1-832E8D75E132}.Ad-Hoc|Any CPU.Deploy.0 = Release|Any CPU
		{1CA849CD-8DB8-4ECE-81F1-832E8D75E132}.Ad-Hoc|ARM.ActiveCfg = Release|ARM
		{1CA849CD-8DB8-4ECE-81F1-832E8D75E132}.Ad-Hoc|ARM.Build.0 = Release|ARM
		{1CA849CD-8DB8-4ECE-81F1-832E8D75E132}.Ad-Hoc|ARM.Deploy.0 = Release|ARM
		{1CA849CD-8DB8-4ECE-81F1-832E8D75E132}.Ad-Hoc|iPhone.ActiveCfg = Release|Any CPU
		{1CA849CD-8DB8-4ECE-81F1-832E8D75E132}.Ad-Hoc|iPhone.Build.0 = Release|Any CPU
		{1CA849CD-8DB8-4ECE-81F1-832E8D75E132}.Ad-Hoc|iPhone.Deploy.0 = Release|Any CPU
		{1CA849CD-8DB8-4ECE-81F1-832E8D75E132}.Ad-Hoc|iPhoneSimulator.ActiveCfg = Release|Any CPU
		{1CA849CD-8DB8-4ECE-81F1-832E8D75E132}.Ad-Hoc|iPhoneSimulator.Build.0 = Release|Any CPU
		{1CA849CD-8DB8-4ECE-81F1-832E8D75E132}.Ad-Hoc|iPhoneSimulator.Deploy.0 = Release|Any CPU
		{1CA849CD-8DB8-4ECE-81F1-832E8D75E132}.Ad-Hoc|x64.ActiveCfg = Release|x64
		{1CA849CD-8DB8-4ECE-81F1-832E8D75E132}.Ad-Hoc|x64.Build.0 = Release|x64
		{1CA849CD-8DB8-4ECE-81F1-832E8D75E132}.Ad-Hoc|x64.Deploy.0 = Release|x64
		{1CA849CD-8DB8-4ECE-81F1-832E8D75E132}.Ad-Hoc|x86.ActiveCfg = Release|x86
		{1CA849CD-8DB8-4ECE-81F1-832E8D75E132}.Ad-Hoc|x86.Build.0 = Release|x86
		{1CA849CD-8DB8-4ECE-81F1-832E8D75E132}.Ad-Hoc|x86.Deploy.0 = Release|x86
		{1CA849CD-8DB8-4ECE-81F1-832E8D75E132}.AppStore|Any CPU.ActiveCfg = Release|Any CPU
		{1CA849CD-8DB8-4ECE-81F1-832E8D75E132}.AppStore|Any CPU.Build.0 = Release|Any CPU
		{1CA849CD-8DB8-4ECE-81F1-832E8D75E132}.AppStore|Any CPU.Deploy.0 = Release|Any CPU
		{1CA849CD-8DB8-4ECE-81F1-832E8D75E132}.AppStore|ARM.ActiveCfg = Release|ARM
		{1CA849CD-8DB8-4ECE-81F1-832E8D75E132}.AppStore|ARM.Build.0 = Release|ARM
		{1CA849CD-8DB8-4ECE-81F1-832E8D75E132}.AppStore|ARM.Deploy.0 = Release|ARM
		{1CA849CD-8DB8-4ECE-81F1-832E8D75E132}.AppStore|iPhone.ActiveCfg = Release|Any CPU
		{1CA849CD-8DB8-4ECE-81F1-832E8D75E132}.AppStore|iPhone.Build.0 = Release|Any CPU
		{1CA849CD-8DB8-4ECE-81F1-832E8D75E132}.AppStore|iPhone.Deploy.0 = Release|Any CPU
		{1CA849CD-8DB8-4ECE-81F1-832E8D75E132}.AppStore|iPhoneSimulator.ActiveCfg = Release|Any CPU
		{1CA849CD-8DB8-4ECE-81F1-832E8D75E132}.AppStore|iPhoneSimulator.Build.0 = Release|Any CPU
		{1CA849CD-8DB8-4ECE-81F1-832E8D75E132}.AppStore|iPhoneSimulator.Deploy.0 = Release|Any CPU
		{1CA849CD-8DB8-4ECE-81F1-832E8D75E132}.AppStore|x64.ActiveCfg = Release|x64
		{1CA849CD-8DB8-4ECE-81F1-832E8D75E132}.AppStore|x64.Build.0 = Release|x64
		{1CA849CD-8DB8-4ECE-81F1-832E8D75E132}.AppStore|x64.Deploy.0 = Release|x64
		{1CA849CD-8DB8-4ECE-81F1-832E8D75E132}.AppStore|x86.ActiveCfg = Release|x86
		{1CA849CD-8DB8-4ECE-81F1-832E8D75E132}.AppStore|x86.Build.0 = Release|x86
		{1CA849CD-8DB8-4ECE-81F1-832E8D75E132}.AppStore|x86.Deploy.0 = Release|x86
		{1CA849CD-8DB8-4ECE-81F1-832E8D75E132}.Debug|Any CPU.ActiveCfg = Debug|Any CPU
		{1CA849CD-8DB8-4ECE-81F1-832E8D75E132}.Debug|Any CPU.Build.0 = Debug|Any CPU
		{1CA849CD-8DB8-4ECE-81F1-832E8D75E132}.Debug|Any CPU.Deploy.0 = Debug|Any CPU
		{1CA849CD-8DB8-4ECE-81F1-832E8D75E132}.Debug|ARM.ActiveCfg = Debug|ARM
		{1CA849CD-8DB8-4ECE-81F1-832E8D75E132}.Debug|ARM.Build.0 = Debug|ARM
		{1CA849CD-8DB8-4ECE-81F1-832E8D75E132}.Debug|ARM.Deploy.0 = Debug|ARM
		{1CA849CD-8DB8-4ECE-81F1-832E8D75E132}.Debug|iPhone.ActiveCfg = Debug|Any CPU
		{1CA849CD-8DB8-4ECE-81F1-832E8D75E132}.Debug|iPhone.Build.0 = Debug|Any CPU
		{1CA849CD-8DB8-4ECE-81F1-832E8D75E132}.Debug|iPhone.Deploy.0 = Debug|Any CPU
		{1CA849CD-8DB8-4ECE-81F1-832E8D75E132}.Debug|iPhoneSimulator.ActiveCfg = Debug|Any CPU
		{1CA849CD-8DB8-4ECE-81F1-832E8D75E132}.Debug|iPhoneSimulator.Build.0 = Debug|Any CPU
		{1CA849CD-8DB8-4ECE-81F1-832E8D75E132}.Debug|iPhoneSimulator.Deploy.0 = Debug|Any CPU
		{1CA849CD-8DB8-4ECE-81F1-832E8D75E132}.Debug|x64.ActiveCfg = Debug|x64
		{1CA849CD-8DB8-4ECE-81F1-832E8D75E132}.Debug|x64.Build.0 = Debug|x64
		{1CA849CD-8DB8-4ECE-81F1-832E8D75E132}.Debug|x64.Deploy.0 = Debug|x64
		{1CA849CD-8DB8-4ECE-81F1-832E8D75E132}.Debug|x86.ActiveCfg = Debug|x86
		{1CA849CD-8DB8-4ECE-81F1-832E8D75E132}.Debug|x86.Build.0 = Debug|x86
		{1CA849CD-8DB8-4ECE-81F1-832E8D75E132}.Debug|x86.Deploy.0 = Debug|x86
		{1CA849CD-8DB8-4ECE-81F1-832E8D75E132}.Release|Any CPU.ActiveCfg = Release|Any CPU
		{1CA849CD-8DB8-4ECE-81F1-832E8D75E132}.Release|Any CPU.Build.0 = Release|Any CPU
		{1CA849CD-8DB8-4ECE-81F1-832E8D75E132}.Release|Any CPU.Deploy.0 = Release|Any CPU
		{1CA849CD-8DB8-4ECE-81F1-832E8D75E132}.Release|ARM.ActiveCfg = Release|ARM
		{1CA849CD-8DB8-4ECE-81F1-832E8D75E132}.Release|ARM.Build.0 = Release|ARM
		{1CA849CD-8DB8-4ECE-81F1-832E8D75E132}.Release|ARM.Deploy.0 = Release|ARM
		{1CA849CD-8DB8-4ECE-81F1-832E8D75E132}.Release|iPhone.ActiveCfg = Release|Any CPU
		{1CA849CD-8DB8-4ECE-81F1-832E8D75E132}.Release|iPhone.Build.0 = Release|Any CPU
		{1CA849CD-8DB8-4ECE-81F1-832E8D75E132}.Release|iPhone.Deploy.0 = Release|Any CPU
		{1CA849CD-8DB8-4ECE-81F1-832E8D75E132}.Release|iPhoneSimulator.ActiveCfg = Release|Any CPU
		{1CA849CD-8DB8-4ECE-81F1-832E8D75E132}.Release|iPhoneSimulator.Build.0 = Release|Any CPU
		{1CA849CD-8DB8-4ECE-81F1-832E8D75E132}.Release|iPhoneSimulator.Deploy.0 = Release|Any CPU
		{1CA849CD-8DB8-4ECE-81F1-832E8D75E132}.Release|x64.ActiveCfg = Release|x64
		{1CA849CD-8DB8-4ECE-81F1-832E8D75E132}.Release|x64.Build.0 = Release|x64
		{1CA849CD-8DB8-4ECE-81F1-832E8D75E132}.Release|x64.Deploy.0 = Release|x64
		{1CA849CD-8DB8-4ECE-81F1-832E8D75E132}.Release|x86.ActiveCfg = Release|x86
		{1CA849CD-8DB8-4ECE-81F1-832E8D75E132}.Release|x86.Build.0 = Release|x86
		{1CA849CD-8DB8-4ECE-81F1-832E8D75E132}.Release|x86.Deploy.0 = Release|x86
		{343433BA-675C-4DE2-BAE3-9BFC95713AEE}.Ad-Hoc|Any CPU.ActiveCfg = Release|Any CPU
		{343433BA-675C-4DE2-BAE3-9BFC95713AEE}.Ad-Hoc|Any CPU.Build.0 = Release|Any CPU
		{343433BA-675C-4DE2-BAE3-9BFC95713AEE}.Ad-Hoc|ARM.ActiveCfg = Release|Any CPU
		{343433BA-675C-4DE2-BAE3-9BFC95713AEE}.Ad-Hoc|ARM.Build.0 = Release|Any CPU
		{343433BA-675C-4DE2-BAE3-9BFC95713AEE}.Ad-Hoc|iPhone.ActiveCfg = Release|Any CPU
		{343433BA-675C-4DE2-BAE3-9BFC95713AEE}.Ad-Hoc|iPhone.Build.0 = Release|Any CPU
		{343433BA-675C-4DE2-BAE3-9BFC95713AEE}.Ad-Hoc|iPhoneSimulator.ActiveCfg = Release|Any CPU
		{343433BA-675C-4DE2-BAE3-9BFC95713AEE}.Ad-Hoc|iPhoneSimulator.Build.0 = Release|Any CPU
		{343433BA-675C-4DE2-BAE3-9BFC95713AEE}.Ad-Hoc|x64.ActiveCfg = Release|Any CPU
		{343433BA-675C-4DE2-BAE3-9BFC95713AEE}.Ad-Hoc|x64.Build.0 = Release|Any CPU
		{343433BA-675C-4DE2-BAE3-9BFC95713AEE}.Ad-Hoc|x86.ActiveCfg = Release|Any CPU
		{343433BA-675C-4DE2-BAE3-9BFC95713AEE}.Ad-Hoc|x86.Build.0 = Release|Any CPU
		{343433BA-675C-4DE2-BAE3-9BFC95713AEE}.AppStore|Any CPU.ActiveCfg = Release|Any CPU
		{343433BA-675C-4DE2-BAE3-9BFC95713AEE}.AppStore|Any CPU.Build.0 = Release|Any CPU
		{343433BA-675C-4DE2-BAE3-9BFC95713AEE}.AppStore|ARM.ActiveCfg = Release|Any CPU
		{343433BA-675C-4DE2-BAE3-9BFC95713AEE}.AppStore|ARM.Build.0 = Release|Any CPU
		{343433BA-675C-4DE2-BAE3-9BFC95713AEE}.AppStore|iPhone.ActiveCfg = Release|Any CPU
		{343433BA-675C-4DE2-BAE3-9BFC95713AEE}.AppStore|iPhone.Build.0 = Release|Any CPU
		{343433BA-675C-4DE2-BAE3-9BFC95713AEE}.AppStore|iPhoneSimulator.ActiveCfg = Release|Any CPU
		{343433BA-675C-4DE2-BAE3-9BFC95713AEE}.AppStore|iPhoneSimulator.Build.0 = Release|Any CPU
		{343433BA-675C-4DE2-BAE3-9BFC95713AEE}.AppStore|x64.ActiveCfg = Release|Any CPU
		{343433BA-675C-4DE2-BAE3-9BFC95713AEE}.AppStore|x64.Build.0 = Release|Any CPU
		{343433BA-675C-4DE2-BAE3-9BFC95713AEE}.AppStore|x86.ActiveCfg = Release|Any CPU
		{343433BA-675C-4DE2-BAE3-9BFC95713AEE}.AppStore|x86.Build.0 = Release|Any CPU
		{343433BA-675C-4DE2-BAE3-9BFC95713AEE}.Debug|Any CPU.ActiveCfg = Debug|Any CPU
		{343433BA-675C-4DE2-BAE3-9BFC95713AEE}.Debug|Any CPU.Build.0 = Debug|Any CPU
		{343433BA-675C-4DE2-BAE3-9BFC95713AEE}.Debug|ARM.ActiveCfg = Debug|Any CPU
		{343433BA-675C-4DE2-BAE3-9BFC95713AEE}.Debug|ARM.Build.0 = Debug|Any CPU
		{343433BA-675C-4DE2-BAE3-9BFC95713AEE}.Debug|iPhone.ActiveCfg = Debug|Any CPU
		{343433BA-675C-4DE2-BAE3-9BFC95713AEE}.Debug|iPhone.Build.0 = Debug|Any CPU
		{343433BA-675C-4DE2-BAE3-9BFC95713AEE}.Debug|iPhoneSimulator.ActiveCfg = Debug|Any CPU
		{343433BA-675C-4DE2-BAE3-9BFC95713AEE}.Debug|iPhoneSimulator.Build.0 = Debug|Any CPU
		{343433BA-675C-4DE2-BAE3-9BFC95713AEE}.Debug|x64.ActiveCfg = Debug|Any CPU
		{343433BA-675C-4DE2-BAE3-9BFC95713AEE}.Debug|x64.Build.0 = Debug|Any CPU
		{343433BA-675C-4DE2-BAE3-9BFC95713AEE}.Debug|x86.ActiveCfg = Debug|Any CPU
		{343433BA-675C-4DE2-BAE3-9BFC95713AEE}.Debug|x86.Build.0 = Debug|Any CPU
		{343433BA-675C-4DE2-BAE3-9BFC95713AEE}.Release|Any CPU.ActiveCfg = Release|Any CPU
		{343433BA-675C-4DE2-BAE3-9BFC95713AEE}.Release|Any CPU.Build.0 = Release|Any CPU
		{343433BA-675C-4DE2-BAE3-9BFC95713AEE}.Release|ARM.ActiveCfg = Release|Any CPU
		{343433BA-675C-4DE2-BAE3-9BFC95713AEE}.Release|ARM.Build.0 = Release|Any CPU
		{343433BA-675C-4DE2-BAE3-9BFC95713AEE}.Release|iPhone.ActiveCfg = Release|Any CPU
		{343433BA-675C-4DE2-BAE3-9BFC95713AEE}.Release|iPhone.Build.0 = Release|Any CPU
		{343433BA-675C-4DE2-BAE3-9BFC95713AEE}.Release|iPhoneSimulator.ActiveCfg = Release|Any CPU
		{343433BA-675C-4DE2-BAE3-9BFC95713AEE}.Release|iPhoneSimulator.Build.0 = Release|Any CPU
		{343433BA-675C-4DE2-BAE3-9BFC95713AEE}.Release|x64.ActiveCfg = Release|Any CPU
		{343433BA-675C-4DE2-BAE3-9BFC95713AEE}.Release|x64.Build.0 = Release|Any CPU
		{343433BA-675C-4DE2-BAE3-9BFC95713AEE}.Release|x86.ActiveCfg = Release|Any CPU
		{343433BA-675C-4DE2-BAE3-9BFC95713AEE}.Release|x86.Build.0 = Release|Any CPU
	EndGlobalSection
	GlobalSection(SolutionProperties) = preSolution
		HideSolutionNode = FALSE
	EndGlobalSection
EndGlobal
